{
  "requires": true,
  "lockfileVersion": 1,
  "dependencies": {
    "@expo/browser-polyfill": {
      "version": "0.0.0-alpha.10",
      "resolved": "https://registry.npmjs.org/@expo/browser-polyfill/-/browser-polyfill-0.0.0-alpha.10.tgz",
      "integrity": "sha512-2AxRMdpXSfctJXBdMRtewCXB+KCNx/+L+wjkl/BifnDLg/tvZw/yTIDhvmVMmTDd7IMhLSgBmPl3foUpn05Q4w==",
      "requires": {
        "adaptive-bezier-curve": "1.0.3",
        "adaptive-quadratic-curve": "1.0.2",
        "color-parser": "0.1.0",
        "earcut": "2.1.3",
        "extrude-polyline": "1.0.6",
        "fbemitter": "^2.1.1",
        "gl-matrix": "2.6.1",
        "react-native-console-time-polyfill": "^0.0.6",
        "string-format": "2.0.0",
        "text-encoding": "^0.6.4",
        "xmldom-qsa": "^1.0.3"
      }
    },
    "adaptive-bezier-curve": {
      "version": "1.0.3",
      "resolved": "https://registry.npmjs.org/adaptive-bezier-curve/-/adaptive-bezier-curve-1.0.3.tgz",
      "integrity": "sha1-R3V3q+h9coDUbKQWSfbCJkb+gic="
    },
    "adaptive-quadratic-curve": {
      "version": "1.0.2",
      "resolved": "https://registry.npmjs.org/adaptive-quadratic-curve/-/adaptive-quadratic-curve-1.0.2.tgz",
      "integrity": "sha1-ZbQZD8VxFpjSTwrnvV/qbNqQAQ0="
    },
    "as-number": {
      "version": "1.0.0",
      "resolved": "https://registry.npmjs.org/as-number/-/as-number-1.0.0.tgz",
      "integrity": "sha1-rLJ+NPj52KsNqeN287iVmGD4CmY="
    },
    "asap": {
      "version": "2.0.6",
      "resolved": "https://registry.npmjs.org/asap/-/asap-2.0.6.tgz",
      "integrity": "sha1-5QNHYR1+aQlDIIu9r+vLwvuGbUY="
    },
    "color-parser": {
      "version": "0.1.0",
      "resolved": "https://registry.npmjs.org/color-parser/-/color-parser-0.1.0.tgz",
      "integrity": "sha1-jhfJPKAsx7TZmNmyDMawyOHOGco="
    },
    "color-temperature": {
      "version": "0.2.7",
      "resolved": "https://registry.npmjs.org/color-temperature/-/color-temperature-0.2.7.tgz",
      "integrity": "sha1-bDKtndnA/gfM8thoBzR4FxIzK0A="
    },
    "core-js": {
      "version": "1.2.7",
      "resolved": "https://registry.npmjs.org/core-js/-/core-js-1.2.7.tgz",
      "integrity": "sha1-ZSKUwUZR2yj6k70tX/KYOk8IxjY="
    },
    "earcut": {
      "version": "2.1.3",
      "resolved": "https://registry.npmjs.org/earcut/-/earcut-2.1.3.tgz",
      "integrity": "sha512-AxdCdWUk1zzK/NuZ7e1ljj6IGC+VAdC3Qb7QQDsXpfNrc5IM8tL9nNXUmEGE6jRHTfZ10zhzRhtDmWVsR5pd3A=="
    },
    "encoding": {
      "version": "0.1.12",
      "resolved": "https://registry.npmjs.org/encoding/-/encoding-0.1.12.tgz",
      "integrity": "sha1-U4tm8+5izRq1HsMjgp0flIDHS+s=",
      "requires": {
        "iconv-lite": "~0.4.13"
      }
    },
    "expo-asset-utils": {
      "version": "0.0.4-alpha.3",
      "resolved": "https://registry.npmjs.org/expo-asset-utils/-/expo-asset-utils-0.0.4-alpha.3.tgz",
      "integrity": "sha512-COMyBrFN2719uTR6c+OnpZmjG8ox2Ipa+t4VHOmrA2ErYxtIYAZs4OcYXe+1Zjn8TlUoQ3B2VC8AofB/P9h7yw=="
    },
    "expo-camera-interface": {
      "version": "1.0.2",
      "resolved": "https://registry.npmjs.org/expo-camera-interface/-/expo-camera-interface-1.0.2.tgz",
      "integrity": "sha512-3EsbW9WjxrdWC/vSsC0kygL3Ie124UEXcw7JZx/d6Wmdr+QHhX25eSjYIgeE9ESTCcHqmsAnnJCxOoEBa+dyaQ==",
      "requires": {
        "expo-core": "~1.1.0"
      }
    },
    "expo-core": {
      "version": "1.1.0",
      "resolved": "https://registry.npmjs.org/expo-core/-/expo-core-1.1.0.tgz",
      "integrity": "sha512-R6U7AGkIWdzFP/gf8ZtOA6A/vBIQQz/YG4wZiFw4q+UtVOzpaLAs6P9NxOSPlIoRY+lFAeCM+UY1skfwpToAHQ=="
    },
    "expo-file-system-interface": {
      "version": "1.0.2",
      "resolved": "https://registry.npmjs.org/expo-file-system-interface/-/expo-file-system-interface-1.0.2.tgz",
      "integrity": "sha512-6u+G1J2GjJnow71pcvxFuWxssRmZQWnUZTQ3Xvi2X75O5ZyzBj5gxqjVJBHlUqWMkD/1cOizPjiXjcUSzdsdfw==",
      "requires": {
        "expo-core": "~1.1.0"
      }
    },
    "expo-gl": {
      "version": "1.0.2",
      "resolved": "https://registry.npmjs.org/expo-gl/-/expo-gl-1.0.2.tgz",
      "integrity": "sha512-QCpAlwSeOWc+O6IYn8kwq36fjdqoyNxTT31qcT3/pm1fPIGV0OJz3sImnx/1V9gdYY0efR/5Nw/ItWCknJCG9A==",
      "requires": {
        "expo-camera-interface": "~1.0.2",
        "expo-core": "~1.1.0",
        "expo-file-system-interface": "~1.0.2",
        "expo-gl-cpp": "~1.0.2"
      }
    },
    "expo-gl-cpp": {
      "version": "1.0.2",
      "resolved": "https://registry.npmjs.org/expo-gl-cpp/-/expo-gl-cpp-1.0.2.tgz",
      "integrity": "sha512-PDqR/kY03fJXDMEdDd7tDh6ZRW6185jZY8B755qlXsWYejMlHEiDgjTXUbiXPBnQlydu66OYXjNo2vmT0wCe5A==",
      "requires": {
        "expo-core": "~1.1.0"
      }
    },
    "expo-graphics": {
      "version": "1.0.0-alpha.6",
      "resolved": "https://registry.npmjs.org/expo-graphics/-/expo-graphics-1.0.0-alpha.6.tgz",
      "integrity": "sha512-k5qgEnTNqqOrl483JQw/GLg/cuVxM5Y3JdN6Le1tDrDhMlykDQGUhf0//0UOpGrI5oB7Yb5Bk/KhvbbBtC/apw==",
      "requires": {
        "expo-gl": "^1.0.1"
      }
    },
    "expo-three": {
      "version": "3.0.0-alpha.4",
      "resolved": "https://registry.npmjs.org/expo-three/-/expo-three-3.0.0-alpha.4.tgz",
      "integrity": "sha512-UlN1bpS/FHjsEPKrhkikS6iMbEHBKZ2sxNZPvMCr7Bk8LZiu+eHmiOsicFEFtBAbpEBER+Y382qndveHZoAIeQ==",
      "requires": {
        "@expo/browser-polyfill": "^0.0.0-alpha.4",
        "color-temperature": "0.2.7",
        "expo-asset-utils": "^0.0.4-alpha.2",
        "three": "0.88.0"
      }
    },
    "extrude-polyline": {
      "version": "1.0.6",
      "resolved": "https://registry.npmjs.org/extrude-polyline/-/extrude-polyline-1.0.6.tgz",
      "integrity": "sha1-fmr+HzSaQYL6P2GgDZOXm5XxiyA=",
      "requires": {
        "as-number": "^1.0.0",
        "gl-vec2": "^1.0.0",
        "polyline-miter-util": "^1.0.1"
      }
    },
    "fbemitter": {
      "version": "2.1.1",
      "resolved": "https://registry.npmjs.org/fbemitter/-/fbemitter-2.1.1.tgz",
      "integrity": "sha1-Uj4U/a9SSIBbsC9i78M75wP1GGU=",
      "requires": {
        "fbjs": "^0.8.4"
      }
    },
    "fbjs": {
      "version": "0.8.17",
      "resolved": "https://registry.npmjs.org/fbjs/-/fbjs-0.8.17.tgz",
      "integrity": "sha1-xNWY6taUkRJlPWWIsBpc3Nn5D90=",
      "requires": {
        "core-js": "^1.0.0",
        "isomorphic-fetch": "^2.1.1",
        "loose-envify": "^1.0.0",
        "object-assign": "^4.1.0",
        "promise": "^7.1.1",
        "setimmediate": "^1.0.5",
        "ua-parser-js": "^0.7.18"
      }
    },
    "gl-matrix": {
      "version": "2.6.1",
      "resolved": "https://registry.npmjs.org/gl-matrix/-/gl-matrix-2.6.1.tgz",
      "integrity": "sha512-fK37p7vkpw5H4WSypfa6TUV8nlB8+Fd1pZj15sMtvRPnfzArvTI4U4E25x2Hmp+UxZX11ve0aGaHarRieP+gSw=="
    },
    "gl-vec2": {
      "version": "1.3.0",
      "resolved": "https://registry.npmjs.org/gl-vec2/-/gl-vec2-1.3.0.tgz",
      "integrity": "sha512-YiqaAuNsheWmUV0Sa8k94kBB0D6RWjwZztyO+trEYS8KzJ6OQB/4686gdrf59wld4hHFIvaxynO3nRxpk1Ij/A=="
    },
    "iconv-lite": {
      "version": "0.4.24",
      "resolved": "https://registry.npmjs.org/iconv-lite/-/iconv-lite-0.4.24.tgz",
      "integrity": "sha512-v3MXnZAcvnywkTUEZomIActle7RXXeedOR31wwl7VlyoXO4Qi9arvSenNQWne1TcRwhCL1HwLI21bEqdpj8/rA==",
      "requires": {
        "safer-buffer": ">= 2.1.2 < 3"
      }
    },
    "is-stream": {
      "version": "1.1.0",
      "resolved": "https://registry.npmjs.org/is-stream/-/is-stream-1.1.0.tgz",
      "integrity": "sha1-EtSj3U5o4Lec6428hBc66A2RykQ="
    },
    "isomorphic-fetch": {
      "version": "2.2.1",
      "resolved": "https://registry.npmjs.org/isomorphic-fetch/-/isomorphic-fetch-2.2.1.tgz",
      "integrity": "sha1-YRrhrPFPXoH3KVB0coGf6XM1WKk=",
      "requires": {
        "node-fetch": "^1.0.1",
        "whatwg-fetch": ">=0.10.0"
      }
    },
    "js-tokens": {
      "version": "4.0.0",
      "resolved": "https://registry.npmjs.org/js-tokens/-/js-tokens-4.0.0.tgz",
      "integrity": "sha512-RdJUflcE3cUzKiMqQgsCu06FPu9UdIJO0beYbPhHN4k6apgJtifcoCtT9bcxOpYBtpD2kCM6Sbzg4CausW/PKQ=="
    },
    "loose-envify": {
      "version": "1.4.0",
      "resolved": "https://registry.npmjs.org/loose-envify/-/loose-envify-1.4.0.tgz",
      "integrity": "sha512-lyuxPGr/Wfhrlem2CL/UcnUc1zcqKAImBDzukY7Y5F/yQiNdko6+fRLevlw1HgMySw7f611UIY408EtxRSoK3Q==",
      "requires": {
        "js-tokens": "^3.0.0 || ^4.0.0"
      }
    },
    "node-fetch": {
      "version": "1.7.3",
      "resolved": "https://registry.npmjs.org/node-fetch/-/node-fetch-1.7.3.tgz",
      "integrity": "sha512-NhZ4CsKx7cYm2vSrBAr2PvFOe6sWDf0UYLRqA6svUYg7+/TSfVAu49jYC4BvQ4Sms9SZgdqGBgroqfDhJdTyKQ==",
      "requires": {
        "encoding": "^0.1.11",
        "is-stream": "^1.0.1"
      }
    },
    "nwmatcher": {
      "version": "1.4.4",
      "resolved": "https://registry.npmjs.org/nwmatcher/-/nwmatcher-1.4.4.tgz",
      "integrity": "sha512-3iuY4N5dhgMpCUrOVnuAdGrgxVqV2cJpM+XNccjR2DKOB1RUP0aA+wGXEiNziG/UKboFyGBIoKOaNlJxx8bciQ=="
    },
    "object-assign": {
      "version": "4.1.1",
      "resolved": "https://registry.npmjs.org/object-assign/-/object-assign-4.1.1.tgz",
      "integrity": "sha1-IQmtx5ZYh8/AXLvUQsrIv7s2CGM="
    },
    "polyline-miter-util": {
      "version": "1.0.1",
      "resolved": "https://registry.npmjs.org/polyline-miter-util/-/polyline-miter-util-1.0.1.tgz",
      "integrity": "sha1-tpPyOJ6g3tNqa89ezS7OS2kX2Vc=",
      "requires": {
        "gl-vec2": "^1.0.0"
      }
    },
    "promise": {
      "version": "7.3.1",
      "resolved": "https://registry.npmjs.org/promise/-/promise-7.3.1.tgz",
      "integrity": "sha512-nolQXZ/4L+bP/UGlkfaIujX9BKxGwmQ9OT4mOt5yvy8iK1h3wqTEJCijzGANTCCl9nWjY41juyAn2K3Q1hLLTg==",
      "requires": {
        "asap": "~2.0.3"
      }
    },
    "react-native-console-time-polyfill": {
      "version": "0.0.6",
      "resolved": "https://registry.npmjs.org/react-native-console-time-polyfill/-/react-native-console-time-polyfill-0.0.6.tgz",
      "integrity": "sha1-eCPYb+g0OcdEgNGxJKkrGnhXGIk="
    },
    "safer-buffer": {
      "version": "2.1.2",
      "resolved": "https://registry.npmjs.org/safer-buffer/-/safer-buffer-2.1.2.tgz",
      "integrity": "sha512-YZo3K82SD7Riyi0E1EQPojLz7kpepnSQI9IyPbHHg1XXXevb5dJI7tpyN2ADxGcQbHG7vcyRHk0cbwqcQriUtg=="
    },
    "setimmediate": {
      "version": "1.0.5",
      "resolved": "https://registry.npmjs.org/setimmediate/-/setimmediate-1.0.5.tgz",
      "integrity": "sha1-KQy7Iy4waULX1+qbg3Mqt4VvgoU="
    },
    "string-format": {
      "version": "2.0.0",
      "resolved": "https://registry.npmjs.org/string-format/-/string-format-2.0.0.tgz",
      "integrity": "sha512-bbEs3scLeYNXLecRRuk6uJxdXUSj6le/8rNPHChIJTn2V79aXVTR1EH2OH5zLKKoz0V02fOUKZZcw01pLUShZA=="
    },
    "text-encoding": {
      "version": "0.6.4",
      "resolved": "http://registry.npmjs.org/text-encoding/-/text-encoding-0.6.4.tgz",
      "integrity": "sha1-45mpgiV6J22uQou5KEXLcb3CbRk="
    },
    "three": {
      "version": "0.88.0",
      "resolved": "https://registry.npmjs.org/three/-/three-0.88.0.tgz",
      "integrity": "sha1-QlbC/Djk+yOg0j66K2zOTfjkZtU="
    },
    "ua-parser-js": {
      "version": "0.7.18",
      "resolved": "https://registry.npmjs.org/ua-parser-js/-/ua-parser-js-0.7.18.tgz",
      "integrity": "sha512-LtzwHlVHwFGTptfNSgezHp7WUlwiqb0gA9AALRbKaERfxwJoiX0A73QbTToxteIAuIaFshhgIZfqK8s7clqgnA=="
    },
    "whatwg-fetch": {
      "version": "3.0.0",
      "resolved": "https://registry.npmjs.org/whatwg-fetch/-/whatwg-fetch-3.0.0.tgz",
      "integrity": "sha512-9GSJUgz1D4MfyKU7KRqwOjXCXTqWdFNvEr7eUBYchQiVc744mqK/MzXPNR2WsPkmkOa4ywfg8C2n8h+13Bey1Q=="
    },
    "xmldom-qsa": {
      "version": "1.0.3",
      "resolved": "https://registry.npmjs.org/xmldom-qsa/-/xmldom-qsa-1.0.3.tgz",
      "integrity": "sha1-O3CkQJl5gqoyP5Eai4w8fbam/x8=",
      "requires": {
        "nwmatcher": "^1.4.1"
      }
    }
  }
}
